// !$*UTF8*$!
{
	archiveVersion = 1;
	classes = {
	};
	objectVersion = 50;
	objects = {

/* Begin PBXBuildFile section */
		527BB2FD71CEA426E5770BBA /* libPods-StickyHeader.a in Frameworks */ = {isa = PBXBuildFile; fileRef = 8FFEF2F00FFB66E7A3B0464E /* libPods-StickyHeader.a */; };
		AD44DEDB23E8B0F6003F7BDA /* AppDelegate.swift in Sources */ = {isa = PBXBuildFile; fileRef = AD44DEDA23E8B0F6003F7BDA /* AppDelegate.swift */; };
		AD44DEDF23E8B0F6003F7BDA /* ViewController.swift in Sources */ = {isa = PBXBuildFile; fileRef = AD44DEDE23E8B0F6003F7BDA /* ViewController.swift */; };
		AD44DEE423E8B0F9003F7BDA /* Assets.xcassets in Resources */ = {isa = PBXBuildFile; fileRef = AD44DEE323E8B0F9003F7BDA /* Assets.xcassets */; };
		AD44DEE723E8B0F9003F7BDA /* LaunchScreen.storyboard in Resources */ = {isa = PBXBuildFile; fileRef = AD44DEE523E8B0F9003F7BDA /* LaunchScreen.storyboard */; };
		AD44DEF123E8B30B003F7BDA /* HeaderView.swift in Sources */ = {isa = PBXBuildFile; fileRef = AD44DEF023E8B30B003F7BDA /* HeaderView.swift */; };
		AD44DEF323E8B327003F7BDA /* TabBar.swift in Sources */ = {isa = PBXBuildFile; fileRef = AD44DEF223E8B327003F7BDA /* TabBar.swift */; };
		AD44DEF723E8B4DB003F7BDA /* TableVC.swift in Sources */ = {isa = PBXBuildFile; fileRef = AD44DEF623E8B4DB003F7BDA /* TableVC.swift */; };
		AD44DEF923E8B5E5003F7BDA /* Import.swift in Sources */ = {isa = PBXBuildFile; fileRef = AD44DEF823E8B5E5003F7BDA /* Import.swift */; };
		AD7F2CCA23ED52F200AA444B /* CollectionVC.swift in Sources */ = {isa = PBXBuildFile; fileRef = AD7F2CC923ED52F200AA444B /* CollectionVC.swift */; };
		ADA4B29123EE486100473F7C /* MyScrollView.swift in Sources */ = {isa = PBXBuildFile; fileRef = ADA4B29023EE486100473F7C /* MyScrollView.swift */; };
		ADA4B29523EE6FAE00473F7C /* MyNavigationController.swift in Sources */ = {isa = PBXBuildFile; fileRef = ADA4B29423EE6FAE00473F7C /* MyNavigationController.swift */; };
		ADCDB47927E6D10200595DD4 /* StickyHeaderComponent.swift in Sources */ = {isa = PBXBuildFile; fileRef = ADCDB47827E6D10200595DD4 /* StickyHeaderComponent.swift */; };
		ADF3A4FD27E6AA3A00595DD4 /* SimpleContainer.swift in Sources */ = {isa = PBXBuildFile; fileRef = ADF3A4FC27E6AA3A00595DD4 /* SimpleContainer.swift */; };
		ADF3A4FF27E6AA3A00595DD4 /* BaseComponent.swift in Sources */ = {isa = PBXBuildFile; fileRef = ADF3A4FE27E6AA3A00595DD4 /* BaseComponent.swift */; };
		ADF3A50127E6AA3A00595DD4 /* StickyViewController.swift in Sources */ = {isa = PBXBuildFile; fileRef = ADF3A50027E6AA3A00595DD4 /* StickyViewController.swift */; };
		ADF3A50327E6AA3A00595DD4 /* StickyPagesDataComponent.swift in Sources */ = {isa = PBXBuildFile; fileRef = ADF3A50227E6AA3A00595DD4 /* StickyPagesDataComponent.swift */; };
		ADF3A50527E6AA3A00595DD4 /* StickyPagesUIComponent.swift in Sources */ = {isa = PBXBuildFile; fileRef = ADF3A50427E6AA3A00595DD4 /* StickyPagesUIComponent.swift */; };
/* End PBXBuildFile section */

/* Begin PBXFileReference section */
		5B904CA74D80D7E22F029A90 /* Pods-StickyHeader.debug.xcconfig */ = {isa = PBXFileReference; includeInIndex = 1; lastKnownFileType = text.xcconfig; name = "Pods-StickyHeader.debug.xcconfig"; path = "Target Support Files/Pods-StickyHeader/Pods-StickyHeader.debug.xcconfig"; sourceTree = "<group>"; };
		8FFEF2F00FFB66E7A3B0464E /* libPods-StickyHeader.a */ = {isa = PBXFileReference; explicitFileType = archive.ar; includeInIndex = 0; path = "libPods-StickyHeader.a"; sourceTree = BUILT_PRODUCTS_DIR; };
		AD44DED723E8B0F6003F7BDA /* StickyHeader.app */ = {isa = PBXFileReference; explicitFileType = wrapper.application; includeInIndex = 0; path = StickyHeader.app; sourceTree = BUILT_PRODUCTS_DIR; };
		AD44DEDA23E8B0F6003F7BDA /* AppDelegate.swift */ = {isa = PBXFileReference; lastKnownFileType = sourcecode.swift; path = AppDelegate.swift; sourceTree = "<group>"; };
		AD44DEDE23E8B0F6003F7BDA /* ViewController.swift */ = {isa = PBXFileReference; lastKnownFileType = sourcecode.swift; path = ViewController.swift; sourceTree = "<group>"; };
		AD44DEE323E8B0F9003F7BDA /* Assets.xcassets */ = {isa = PBXFileReference; lastKnownFileType = folder.assetcatalog; path = Assets.xcassets; sourceTree = "<group>"; };
		AD44DEE623E8B0F9003F7BDA /* Base */ = {isa = PBXFileReference; lastKnownFileType = file.storyboard; name = Base; path = Base.lproj/LaunchScreen.storyboard; sourceTree = "<group>"; };
		AD44DEE823E8B0F9003F7BDA /* Info.plist */ = {isa = PBXFileReference; lastKnownFileType = text.plist.xml; path = Info.plist; sourceTree = "<group>"; };
		AD44DEF023E8B30B003F7BDA /* HeaderView.swift */ = {isa = PBXFileReference; lastKnownFileType = sourcecode.swift; path = HeaderView.swift; sourceTree = "<group>"; };
		AD44DEF223E8B327003F7BDA /* TabBar.swift */ = {isa = PBXFileReference; lastKnownFileType = sourcecode.swift; path = TabBar.swift; sourceTree = "<group>"; };
		AD44DEF623E8B4DB003F7BDA /* TableVC.swift */ = {isa = PBXFileReference; lastKnownFileType = sourcecode.swift; path = TableVC.swift; sourceTree = "<group>"; };
		AD44DEF823E8B5E5003F7BDA /* Import.swift */ = {isa = PBXFileReference; lastKnownFileType = sourcecode.swift; path = Import.swift; sourceTree = "<group>"; };
		AD7F2CC923ED52F200AA444B /* CollectionVC.swift */ = {isa = PBXFileReference; lastKnownFileType = sourcecode.swift; path = CollectionVC.swift; sourceTree = "<group>"; };
		ADA4B29023EE486100473F7C /* MyScrollView.swift */ = {isa = PBXFileReference; lastKnownFileType = sourcecode.swift; path = MyScrollView.swift; sourceTree = "<group>"; };
		ADA4B29423EE6FAE00473F7C /* MyNavigationController.swift */ = {isa = PBXFileReference; lastKnownFileType = sourcecode.swift; path = MyNavigationController.swift; sourceTree = "<group>"; };
		ADCDB47827E6D10200595DD4 /* StickyHeaderComponent.swift */ = {isa = PBXFileReference; lastKnownFileType = sourcecode.swift; path = StickyHeaderComponent.swift; sourceTree = "<group>"; };
		ADF3A4FC27E6AA3A00595DD4 /* SimpleContainer.swift */ = {isa = PBXFileReference; fileEncoding = 4; lastKnownFileType = sourcecode.swift; path = SimpleContainer.swift; sourceTree = "<group>"; };
		ADF3A4FE27E6AA3A00595DD4 /* BaseComponent.swift */ = {isa = PBXFileReference; fileEncoding = 4; lastKnownFileType = sourcecode.swift; path = BaseComponent.swift; sourceTree = "<group>"; };
		ADF3A50027E6AA3A00595DD4 /* StickyViewController.swift */ = {isa = PBXFileReference; fileEncoding = 4; lastKnownFileType = sourcecode.swift; path = StickyViewController.swift; sourceTree = "<group>"; };
		ADF3A50227E6AA3A00595DD4 /* StickyPagesDataComponent.swift */ = {isa = PBXFileReference; lastKnownFileType = sourcecode.swift; path = StickyPagesDataComponent.swift; sourceTree = "<group>"; };
		ADF3A50427E6AA3A00595DD4 /* StickyPagesUIComponent.swift */ = {isa = PBXFileReference; lastKnownFileType = sourcecode.swift; path = StickyPagesUIComponent.swift; sourceTree = "<group>"; };
		FB189682DD042A03343D57B6 /* Pods-StickyHeader.release.xcconfig */ = {isa = PBXFileReference; includeInIndex = 1; lastKnownFileType = text.xcconfig; name = "Pods-StickyHeader.release.xcconfig"; path = "Target Support Files/Pods-StickyHeader/Pods-StickyHeader.release.xcconfig"; sourceTree = "<group>"; };
/* End PBXFileReference section */

/* Begin PBXFrameworksBuildPhase section */
		AD44DED423E8B0F6003F7BDA /* Frameworks */ = {
			isa = PBXFrameworksBuildPhase;
			buildActionMask = 2147483647;
			files = (
				527BB2FD71CEA426E5770BBA /* libPods-StickyHeader.a in Frameworks */,
			);
			runOnlyForDeploymentPostprocessing = 0;
		};
/* End PBXFrameworksBuildPhase section */

/* Begin PBXGroup section */
		85409961FC811C6EC20BEAF3 /* Frameworks */ = {
			isa = PBXGroup;
			children = (
				8FFEF2F00FFB66E7A3B0464E /* libPods-StickyHeader.a */,
			);
			name = Frameworks;
			sourceTree = "<group>";
		};
		AD44DECE23E8B0F6003F7BDA = {
			isa = PBXGroup;
			children = (
				AD44DED923E8B0F6003F7BDA /* StickyHeader */,
				AD44DED823E8B0F6003F7BDA /* Products */,
				E8015589E92AA67D5D412DB8 /* Pods */,
				85409961FC811C6EC20BEAF3 /* Frameworks */,
			);
			sourceTree = "<group>";
		};
		AD44DED823E8B0F6003F7BDA /* Products */ = {
			isa = PBXGroup;
			children = (
				AD44DED723E8B0F6003F7BDA /* StickyHeader.app */,
			);
			name = Products;
			sourceTree = "<group>";
		};
		AD44DED923E8B0F6003F7BDA /* StickyHeader */ = {
			isa = PBXGroup;
			children = (
				AD44DEDA23E8B0F6003F7BDA /* AppDelegate.swift */,
				AD44DEDE23E8B0F6003F7BDA /* ViewController.swift */,
				AD44DEE323E8B0F9003F7BDA /* Assets.xcassets */,
				AD44DEE523E8B0F9003F7BDA /* LaunchScreen.storyboard */,
				AD44DEE823E8B0F9003F7BDA /* Info.plist */,
				AD44DEF823E8B5E5003F7BDA /* Import.swift */,
				AD44DEF023E8B30B003F7BDA /* HeaderView.swift */,
				AD44DEF223E8B327003F7BDA /* TabBar.swift */,
				AD44DEF623E8B4DB003F7BDA /* TableVC.swift */,
				AD7F2CC923ED52F200AA444B /* CollectionVC.swift */,
				ADA4B29023EE486100473F7C /* MyScrollView.swift */,
				ADA4B29423EE6FAE00473F7C /* MyNavigationController.swift */,
				ADF3A4FC27E6AA3A00595DD4 /* SimpleContainer.swift */,
				ADF3A4FE27E6AA3A00595DD4 /* BaseComponent.swift */,
				ADF3A50027E6AA3A00595DD4 /* StickyViewController.swift */,
				ADF3A50227E6AA3A00595DD4 /* StickyPagesDataComponent.swift */,
				ADF3A50427E6AA3A00595DD4 /* StickyPagesUIComponent.swift */,
				ADCDB47827E6D10200595DD4 /* StickyHeaderComponent.swift */,
			);
			path = StickyHeader;
			sourceTree = "<group>";
		};
		E8015589E92AA67D5D412DB8 /* Pods */ = {
			isa = PBXGroup;
			children = (
				5B904CA74D80D7E22F029A90 /* Pods-StickyHeader.debug.xcconfig */,
				FB189682DD042A03343D57B6 /* Pods-StickyHeader.release.xcconfig */,
			);
			path = Pods;
			sourceTree = "<group>";
		};
/* End PBXGroup section */

/* Begin PBXNativeTarget section */
		AD44DED623E8B0F6003F7BDA /* StickyHeader */ = {
			isa = PBXNativeTarget;
			buildConfigurationList = AD44DEEB23E8B0F9003F7BDA /* Build configuration list for PBXNativeTarget "StickyHeader" */;
			buildPhases = (
				6D11F7A0028E7711566BC556 /* [CP] Check Pods Manifest.lock */,
				AD44DED323E8B0F6003F7BDA /* Sources */,
				AD44DED423E8B0F6003F7BDA /* Frameworks */,
				AD44DED523E8B0F6003F7BDA /* Resources */,
			);
			buildRules = (
			);
			dependencies = (
			);
			name = StickyHeader;
			productName = StickyHeader;
			productReference = AD44DED723E8B0F6003F7BDA /* StickyHeader.app */;
			productType = "com.apple.product-type.application";
		};
/* End PBXNativeTarget section */

/* Begin PBXProject section */
		AD44DECF23E8B0F6003F7BDA /* Project object */ = {
			isa = PBXProject;
			attributes = {
				LastSwiftUpdateCheck = 1130;
				LastUpgradeCheck = 1130;
				ORGANIZATIONNAME = "United Nations";
				TargetAttributes = {
					AD44DED623E8B0F6003F7BDA = {
						CreatedOnToolsVersion = 11.3.1;
					};
				};
			};
			buildConfigurationList = AD44DED223E8B0F6003F7BDA /* Build configuration list for PBXProject "StickyHeader" */;
			compatibilityVersion = "Xcode 9.3";
			developmentRegion = en;
			hasScannedForEncodings = 0;
			knownRegions = (
				en,
				Base,
			);
			mainGroup = AD44DECE23E8B0F6003F7BDA;
			productRefGroup = AD44DED823E8B0F6003F7BDA /* Products */;
			projectDirPath = "";
			projectRoot = "";
			targets = (
				AD44DED623E8B0F6003F7BDA /* StickyHeader */,
			);
		};
/* End PBXProject section */

/* Begin PBXResourcesBuildPhase section */
		AD44DED523E8B0F6003F7BDA /* Resources */ = {
			isa = PBXResourcesBuildPhase;
			buildActionMask = 2147483647;
			files = (
				AD44DEE723E8B0F9003F7BDA /* LaunchScreen.storyboard in Resources */,
				AD44DEE423E8B0F9003F7BDA /* Assets.xcassets in Resources */,
			);
			runOnlyForDeploymentPostprocessing = 0;
		};
/* End PBXResourcesBuildPhase section */

/* Begin PBXShellScriptBuildPhase section */
		6D11F7A0028E7711566BC556 /* [CP] Check Pods Manifest.lock */ = {
			isa = PBXShellScriptBuildPhase;
			buildActionMask = 2147483647;
			files = (
			);
			inputFileListPaths = (
			);
			inputPaths = (
				"${PODS_PODFILE_DIR_PATH}/Podfile.lock",
				"${PODS_ROOT}/Manifest.lock",
			);
			name = "[CP] Check Pods Manifest.lock";
			outputFileListPaths = (
			);
			outputPaths = (
				"$(DERIVED_FILE_DIR)/Pods-StickyHeader-checkManifestLockResult.txt",
			);
			runOnlyForDeploymentPostprocessing = 0;
			shellPath = /bin/sh;
			shellScript = "diff \"${PODS_PODFILE_DIR_PATH}/Podfile.lock\" \"${PODS_ROOT}/Manifest.lock\" > /dev/null\nif [ $? != 0 ] ; then\n    # print error to STDERR\n    echo \"error: The sandbox is not in sync with the Podfile.lock. Run 'pod install' or update your CocoaPods installation.\" >&2\n    exit 1\nfi\n# This output is used by Xcode 'outputs' to avoid re-running this script phase.\necho \"SUCCESS\" > \"${SCRIPT_OUTPUT_FILE_0}\"\n";
			showEnvVarsInLog = 0;
		};
/* End PBXShellScriptBuildPhase section */

/* Begin PBXSourcesBuildPhase section */
		AD44DED323E8B0F6003F7BDA /* Sources */ = {
			isa = PBXSourcesBuildPhase;
			buildActionMask = 2147483647;
			files = (
				AD44DEF923E8B5E5003F7BDA /* Import.swift in Sources */,
				AD44DEDF23E8B0F6003F7BDA /* ViewController.swift in Sources */,
				ADF3A50327E6AA3A00595DD4 /* StickyPagesDataComponent.swift in Sources */,
				AD7F2CCA23ED52F200AA444B /* CollectionVC.swift in Sources */,
				AD44DEDB23E8B0F6003F7BDA /* AppDelegate.swift in Sources */,
				ADF3A4FF27E6AA3A00595DD4 /* BaseComponent.swift in Sources */,
				ADF3A50527E6AA3A00595DD4 /* StickyPagesUIComponent.swift in Sources */,
				ADA4B29123EE486100473F7C /* MyScrollView.swift in Sources */,
				ADCDB47927E6D10200595DD4 /* StickyHeaderComponent.swift in Sources */,
				AD44DEF123E8B30B003F7BDA /* HeaderView.swift in Sources */,
				AD44DEF323E8B327003F7BDA /* TabBar.swift in Sources */,
				ADF3A50127E6AA3A00595DD4 /* StickyViewController.swift in Sources */,
				ADF3A4FD27E6AA3A00595DD4 /* SimpleContainer.swift in Sources */,
				AD44DEF723E8B4DB003F7BDA /* TableVC.swift in Sources */,
				ADA4B29523EE6FAE00473F7C /* MyNavigationController.swift in Sources */,
			);
			runOnlyForDeploymentPostprocessing = 0;
		};
/* End PBXSourcesBuildPhase section */

/* Begin PBXVariantGroup section */
		AD44DEE523E8B0F9003F7BDA /* LaunchScreen.storyboard */ = {
			isa = PBXVariantGroup;
			children = (
				AD44DEE623E8B0F9003F7BDA /* Base */,
			);
			name = LaunchScreen.storyboard;
			sourceTree = "<group>";
		};
/* End PBXVariantGroup section */

/* Begin XCBuildConfiguration section */
		AD44DEE923E8B0F9003F7BDA /* Debug */ = {
			isa = XCBuildConfiguration;
			buildSettings = {
				ALWAYS_SEARCH_USER_PATHS = NO;
				CLANG_ANALYZER_NONNULL = YES;
				CLANG_ANALYZER_NUMBER_OBJECT_CONVERSION = YES_AGGRESSIVE;
				CLANG_CXX_LANGUAGE_STANDARD = "gnu++14";
				CLANG_CXX_LIBRARY = "libc++";
				CLANG_ENABLE_MODULES = YES;
				CLANG_ENABLE_OBJC_ARC = YES;
				CLANG_ENABLE_OBJC_WEAK = YES;
				CLANG_WARN_BLOCK_CAPTURE_AUTORELEASING = YES;
				CLANG_WARN_BOOL_CONVERSION = YES;
				CLANG_WARN_COMMA = YES;
				CLANG_WARN_CONSTANT_CONVERSION = YES;
				CLANG_WARN_DEPRECATED_OBJC_IMPLEMENTATIONS = YES;
				CLANG_WARN_DIRECT_OBJC_ISA_USAGE = YES_ERROR;
				CLANG_WARN_DOCUMENTATION_COMMENTS = YES;
				CLANG_WARN_EMPTY_BODY = YES;
				CLANG_WARN_ENUM_CONVERSION = YES;
				CLANG_WARN_INFINITE_RECURSION = YES;
				CLANG_WARN_INT_CONVERSION = YES;
				CLANG_WARN_NON_LITERAL_NULL_CONVERSION = YES;
				CLANG_WARN_OBJC_IMPLICIT_RETAIN_SELF = YES;
				CLANG_WARN_OBJC_LITERAL_CONVERSION = YES;
				CLANG_WARN_OBJC_ROOT_CLASS = YES_ERROR;
				CLANG_WARN_RANGE_LOOP_ANALYSIS = YES;
				CLANG_WARN_STRICT_PROTOTYPES = YES;
				CLANG_WARN_SUSPICIOUS_MOVE = YES;
				CLANG_WARN_UNGUARDED_AVAILABILITY = YES_AGGRESSIVE;
				CLANG_WARN_UNREACHABLE_CODE = YES;
				CLANG_WARN__DUPLICATE_METHOD_MATCH = YES;
				COPY_PHASE_STRIP = NO;
				DEBUG_INFORMATION_FORMAT = dwarf;
				ENABLE_STRICT_OBJC_MSGSEND = YES;
				ENABLE_TESTABILITY = YES;
				GCC_C_LANGUAGE_STANDARD = gnu11;
				GCC_DYNAMIC_NO_PIC = NO;
				GCC_NO_COMMON_BLOCKS = YES;
				GCC_OPTIMIZATION_LEVEL = 0;
				GCC_PREPROCESSOR_DEFINITIONS = (
					"DEBUG=1",
					"$(inherited)",
				);
				GCC_WARN_64_TO_32_BIT_CONVERSION = YES;
				GCC_WARN_ABOUT_RETURN_TYPE = YES_ERROR;
				GCC_WARN_UNDECLARED_SELECTOR = YES;
				GCC_WARN_UNINITIALIZED_AUTOS = YES_AGGRESSIVE;
				GCC_WARN_UNUSED_FUNCTION = YES;
				GCC_WARN_UNUSED_VARIABLE = YES;
				IPHONEOS_DEPLOYMENT_TARGET = 10.0;
				MTL_ENABLE_DEBUG_INFO = INCLUDE_SOURCE;
				MTL_FAST_MATH = YES;
				ONLY_ACTIVE_ARCH = YES;
				SDKROOT = iphoneos;
				SWIFT_ACTIVE_COMPILATION_CONDITIONS = DEBUG;
				SWIFT_OPTIMIZATION_LEVEL = "-Onone";
			};
			name = Debug;
		};
		AD44DEEA23E8B0F9003F7BDA /* Release */ = {
			isa = XCBuildConfiguration;
			buildSettings = {
				ALWAYS_SEARCH_USER_PATHS = NO;
				CLANG_ANALYZER_NONNULL = YES;
				CLANG_ANALYZER_NUMBER_OBJECT_CONVERSION = YES_AGGRESSIVE;
				CLANG_CXX_LANGUAGE_STANDARD = "gnu++14";
				CLANG_CXX_LIBRARY = "libc++";
				CLANG_ENABLE_MODULES = YES;
				CLANG_ENABLE_OBJC_ARC = YES;
				CLANG_ENABLE_OBJC_WEAK = YES;
				CLANG_WARN_BLOCK_CAPTURE_AUTORELEASING = YES;
				CLANG_WARN_BOOL_CONVERSION = YES;
				CLANG_WARN_COMMA = YES;
				CLANG_WARN_CONSTANT_CONVERSION = YES;
				CLANG_WARN_DEPRECATED_OBJC_IMPLEMENTATIONS = YES;
				CLANG_WARN_DIRECT_OBJC_ISA_USAGE = YES_ERROR;
				CLANG_WARN_DOCUMENTATION_COMMENTS = YES;
				CLANG_WARN_EMPTY_BODY = YES;
				CLANG_WARN_ENUM_CONVERSION = YES;
				CLANG_WARN_INFINITE_RECURSION = YES;
				CLANG_WARN_INT_CONVERSION = YES;
				CLANG_WARN_NON_LITERAL_NULL_CONVERSION = YES;
				CLANG_WARN_OBJC_IMPLICIT_RETAIN_SELF = YES;
				CLANG_WARN_OBJC_LITERAL_CONVERSION = YES;
				CLANG_WARN_OBJC_ROOT_CLASS = YES_ERROR;
				CLANG_WARN_RANGE_LOOP_ANALYSIS = YES;
				CLANG_WARN_STRICT_PROTOTYPES = YES;
				CLANG_WARN_SUSPICIOUS_MOVE = YES;
				CLANG_WARN_UNGUARDED_AVAILABILITY = YES_AGGRESSIVE;
				CLANG_WARN_UNREACHABLE_CODE = YES;
				CLANG_WARN__DUPLICATE_METHOD_MATCH = YES;
				COPY_PHASE_STRIP = NO;
				DEBUG_INFORMATION_FORMAT = "dwarf-with-dsym";
				ENABLE_NS_ASSERTIONS = NO;
				ENABLE_STRICT_OBJC_MSGSEND = YES;
				GCC_C_LANGUAGE_STANDARD = gnu11;
				GCC_NO_COMMON_BLOCKS = YES;
				GCC_WARN_64_TO_32_BIT_CONVERSION = YES;
				GCC_WARN_ABOUT_RETURN_TYPE = YES_ERROR;
				GCC_WARN_UNDECLARED_SELECTOR = YES;
				GCC_WARN_UNINITIALIZED_AUTOS = YES_AGGRESSIVE;
				GCC_WARN_UNUSED_FUNCTION = YES;
				GCC_WARN_UNUSED_VARIABLE = YES;
				IPHONEOS_DEPLOYMENT_TARGET = 10.0;
				MTL_ENABLE_DEBUG_INFO = NO;
				MTL_FAST_MATH = YES;
				SDKROOT = iphoneos;
				SWIFT_COMPILATION_MODE = wholemodule;
				SWIFT_OPTIMIZATION_LEVEL = "-O";
				VALIDATE_PRODUCT = YES;
			};
			name = Release;
		};
		AD44DEEC23E8B0F9003F7BDA /* Debug */ = {
			isa = XCBuildConfiguration;
			baseConfigurationReference = 5B904CA74D80D7E22F029A90 /* Pods-StickyHeader.debug.xcconfig */;
			buildSettings = {
				ASSETCATALOG_COMPILER_APPICON_NAME = AppIcon;
				CODE_SIGN_STYLE = Automatic;
				DEVELOPMENT_TEAM = Y28X3YR8R9;
				INFOPLIST_FILE = StickyHeader/Info.plist;
				LD_RUNPATH_SEARCH_PATHS = (
					"$(inherited)",
					"@executable_path/Frameworks",
				);
				PRODUCT_BUNDLE_IDENTIFIER = org.un.StickyHeader;
				PRODUCT_NAME = "$(TARGET_NAME)";
				SWIFT_VERSION = 5.0;
				TARGETED_DEVICE_FAMILY = "1,2";
			};
			name = Debug;
		};
		AD44DEED23E8B0F9003F7BDA /* Release */ = {
			isa = XCBuildConfiguration;
			baseConfigurationReference = FB189682DD042A03343D57B6 /* Pods-StickyHeader.release.xcconfig */;
			buildSettings = {
				ASSETCATALOG_COMPILER_APPICON_NAME = AppIcon;
				CODE_SIGN_STYLE = Automatic;
				DEVELOPMENT_TEAM = Y28X3YR8R9;
				INFOPLIST_FILE = StickyHeader/Info.plist;
				LD_RUNPATH_SEARCH_PATHS = (
					"$(inherited)",
					"@executable_path/Frameworks",
				);
				PRODUCT_BUNDLE_IDENTIFIER = org.un.StickyHeader;
				PRODUCT_NAME = "$(TARGET_NAME)";
				SWIFT_VERSION = 5.0;
				TARGETED_DEVICE_FAMILY = "1,2";
			};
			name = Release;
		};
/* End XCBuildConfiguration section */

/* Begin XCConfigurationList section */
		AD44DED223E8B0F6003F7BDA /* Build configuration list for PBXProject "StickyHeader" */ = {
			isa = XCConfigurationList;
			buildConfigurations = (
				AD44DEE923E8B0F9003F7BDA /* Debug */,
				AD44DEEA23E8B0F9003F7BDA /* Release */,
			);
			defaultConfigurationIsVisible = 0;
			defaultConfigurationName = Release;
		};
		AD44DEEB23E8B0F9003F7BDA /* Build configuration list for PBXNativeTarget "StickyHeader" */ = {
			isa = XCConfigurationList;
			buildConfigurations = (
				AD44DEEC23E8B0F9003F7BDA /* Debug */,
				AD44DEED23E8B0F9003F7BDA /* Release */,
			);
			defaultConfigurationIsVisible = 0;
			defaultConfigurationName = Release;
		};
/* End XCConfigurationList section */
	};
	rootObject = AD44DECF23E8B0F6003F7BDA /* Project object */;
}
